
Microsoft Visual Studio Solution File, Format Version 12.00
# Visual Studio Version 17
VisualStudioVersion = 17.13.35931.197
MinimumVisualStudioVersion = 10.0.40219.1
Project("{FAE04EC0-301F-11D3-BF4B-00C04F79EFBC}") = "FitGymApp.Domain", "FitGymApp.Domain\FitGymApp.Domain.csproj", "{147CC4F6-63EE-4746-844B-492BAFD5A150}"
EndProject
Project("{FAE04EC0-301F-11D3-BF4B-00C04F79EFBC}") = "FitGymApp.Application", "FitGymApp.Application\FitGymApp.Application.csproj", "{73125135-C211-41B2-95B0-A33B6614AF0C}"
EndProject
Project("{FAE04EC0-301F-11D3-BF4B-00C04F79EFBC}") = "FitGymApp", "FitGymApp\FitGymApp.csproj", "{0E9CF600-54A6-41DB-A7BA-DC7CF1A97725}"
EndProject
Project("{FAE04EC0-301F-11D3-BF4B-00C04F79EFBC}") = "FitGymApp.Repository", "GymFitApp.Repository\FitGymApp.Repository.csproj", "{86D40C93-D029-4FEF-B38F-35E631EE877B}"
EndProject
Project("{FAE04EC0-301F-11D3-BF4B-00C04F79EFBC}") = "FitGymApp.Tests", "FitGymApp.Tests\FitGymApp.Tests.csproj", "{737C8846-C3AD-2379-15FC-1DE21F4ADF84}"
EndProject
Project("{FAE04EC0-301F-11D3-BF4B-00C04F79EFBC}") = "DataBaseModel", "DataBaseModel\DataBaseModel.csproj", "{C6D11D3A-5A4A-4F7D-97B1-F39F77B268F1}"
EndProject
Global
	GlobalSection(SolutionConfigurationPlatforms) = preSolution
		Debug|Any CPU = Debug|Any CPU
		Release|Any CPU = Release|Any CPU
	EndGlobalSection
	GlobalSection(ProjectConfigurationPlatforms) = postSolution
		{147CC4F6-63EE-4746-844B-492BAFD5A150}.Debug|Any CPU.ActiveCfg = Debug|Any CPU
		{147CC4F6-63EE-4746-844B-492BAFD5A150}.Debug|Any CPU.Build.0 = Debug|Any CPU
		{147CC4F6-63EE-4746-844B-492BAFD5A150}.Release|Any CPU.ActiveCfg = Release|Any CPU
		{147CC4F6-63EE-4746-844B-492BAFD5A150}.Release|Any CPU.Build.0 = Release|Any CPU
		{73125135-C211-41B2-95B0-A33B6614AF0C}.Debug|Any CPU.ActiveCfg = Debug|Any CPU
		{73125135-C211-41B2-95B0-A33B6614AF0C}.Debug|Any CPU.Build.0 = Debug|Any CPU
		{73125135-C211-41B2-95B0-A33B6614AF0C}.Release|Any CPU.ActiveCfg = Release|Any CPU
		{73125135-C211-41B2-95B0-A33B6614AF0C}.Release|Any CPU.Build.0 = Release|Any CPU
		{0E9CF600-54A6-41DB-A7BA-DC7CF1A97725}.Debug|Any CPU.ActiveCfg = Debug|Any CPU
		{0E9CF600-54A6-41DB-A7BA-DC7CF1A97725}.Debug|Any CPU.Build.0 = Debug|Any CPU
		{0E9CF600-54A6-41DB-A7BA-DC7CF1A97725}.Release|Any CPU.ActiveCfg = Release|Any CPU
		{0E9CF600-54A6-41DB-A7BA-DC7CF1A97725}.Release|Any CPU.Build.0 = Release|Any CPU
		{86D40C93-D029-4FEF-B38F-35E631EE877B}.Debug|Any CPU.ActiveCfg = Debug|Any CPU
		{86D40C93-D029-4FEF-B38F-35E631EE877B}.Debug|Any CPU.Build.0 = Debug|Any CPU
		{86D40C93-D029-4FEF-B38F-35E631EE877B}.Release|Any CPU.ActiveCfg = Release|Any CPU
		{86D40C93-D029-4FEF-B38F-35E631EE877B}.Release|Any CPU.Build.0 = Release|Any CPU
		{737C8846-C3AD-2379-15FC-1DE21F4ADF84}.Debug|Any CPU.ActiveCfg = Debug|Any CPU
		{737C8846-C3AD-2379-15FC-1DE21F4ADF84}.Debug|Any CPU.Build.0 = Debug|Any CPU
		{737C8846-C3AD-2379-15FC-1DE21F4ADF84}.Release|Any CPU.ActiveCfg = Release|Any CPU
		{737C8846-C3AD-2379-15FC-1DE21F4ADF84}.Release|Any CPU.Build.0 = Release|Any CPU
		{C6D11D3A-5A4A-4F7D-97B1-F39F77B268F1}.Debug|Any CPU.ActiveCfg = Debug|Any CPU
		{C6D11D3A-5A4A-4F7D-97B1-F39F77B268F1}.Debug|Any CPU.Build.0 = Debug|Any CPU
		{C6D11D3A-5A4A-4F7D-97B1-F39F77B268F1}.Release|Any CPU.ActiveCfg = Release|Any CPU
		{C6D11D3A-5A4A-4F7D-97B1-F39F77B268F1}.Release|Any CPU.Build.0 = Release|Any CPU
	EndGlobalSection
	GlobalSection(SolutionProperties) = preSolution
		HideSolutionNode = FALSE
	EndGlobalSection
	GlobalSection(ExtensibilityGlobals) = postSolution
		SolutionGuid = {934793CD-1D9E-4234-87B3-1664C7FA149B}
	EndGlobalSection
EndGlobal
